<?xml version="1.0" encoding="utf-8"?>
<Project ToolsVersion="4.0" xmlns="http://schemas.microsoft.com/developer/msbuild/2003">
  <ItemGroup>
    <Filter Include="소스 파일">
      <UniqueIdentifier>{4FC737F1-C7A5-4376-A066-2A32D752A2FF}</UniqueIdentifier>
      <Extensions>cpp;c;cc;cxx;def;odl;idl;hpj;bat;asm;asmx</Extensions>
    </Filter>
    <Filter Include="헤더 파일">
      <UniqueIdentifier>{93995380-89BD-4b04-88EB-625FBE52EBFB}</UniqueIdentifier>
      <Extensions>h;hh;hpp;hxx;hm;inl;inc;xsd</Extensions>
    </Filter>
    <Filter Include="리소스 파일">
      <UniqueIdentifier>{67DA6AB6-F800-4c08-8B7A-83BB121AAD01}</UniqueIdentifier>
      <Extensions>rc;ico;cur;bmp;dlg;rc2;rct;bin;rgs;gif;jpg;jpeg;jpe;resx;tiff;tif;png;wav;mfcribbon-ms</Extensions>
    </Filter>
    <Filter Include="소스 파일\99.Default">
      <UniqueIdentifier>{6ceb995a-f070-4a87-b2f6-59e72d740dfc}</UniqueIdentifier>
    </Filter>
    <Filter Include="소스 파일\00.MainGame">
      <UniqueIdentifier>{5e7bf549-c925-47c3-83cf-889760f4b029}</UniqueIdentifier>
    </Filter>
    <Filter Include="소스 파일\01.Obj">
      <UniqueIdentifier>{65f0ea2d-5607-4b20-9e69-d3bf959716dd}</UniqueIdentifier>
    </Filter>
    <Filter Include="소스 파일\01.Obj\00.Player">
      <UniqueIdentifier>{7e80a7e5-e06a-4154-bb55-0a702f3d33d7}</UniqueIdentifier>
    </Filter>
    <Filter Include="소스 파일\01.Obj\01.Bullet">
      <UniqueIdentifier>{611599d9-13ec-41f6-8308-08731d075af7}</UniqueIdentifier>
    </Filter>
    <Filter Include="헤더 파일\Include">
      <UniqueIdentifier>{099cfe9c-5698-4564-aedf-f3b6a3cb602a}</UniqueIdentifier>
    </Filter>
    <Filter Include="소스 파일\01.Obj\02.Monster">
      <UniqueIdentifier>{334e9f73-3c54-4fb5-ac1b-bd0a1e6d6612}</UniqueIdentifier>
    </Filter>
    <Filter Include="소스 파일\01.Obj\03.Mouse">
      <UniqueIdentifier>{8bde6274-30b7-41a3-8ae8-a5b869c23e91}</UniqueIdentifier>
    </Filter>
    <Filter Include="소스 파일\02.Manager">
      <UniqueIdentifier>{b0eef709-4f1e-4afb-b243-b8c97c790da8}</UniqueIdentifier>
    </Filter>
    <Filter Include="소스 파일\02.Manager\00.CollisionMgr">
      <UniqueIdentifier>{ce0a350f-9978-41ba-94be-8a280ee5d35a}</UniqueIdentifier>
    </Filter>
    <Filter Include="소스 파일\01.Obj\30.Boss">
      <UniqueIdentifier>{5386ec63-be08-474b-8c41-7cc7d5a28212}</UniqueIdentifier>
    </Filter>
    <Filter Include="소스 파일\01.Obj\31.MiniGun">
      <UniqueIdentifier>{993226bf-ef7d-4cee-9eb2-48286d6b9950}</UniqueIdentifier>
    </Filter>
    <Filter Include="소스 파일\01.Obj\02.Monster\00. Normal_Monster">
      <UniqueIdentifier>{629e718d-637e-41c3-8d45-6729abd70d02}</UniqueIdentifier>
    </Filter>
    <Filter Include="소스 파일\01.Obj\02.Monster\01. Kamikaze_Monster">
      <UniqueIdentifier>{4e28b1b6-3940-46b9-bbef-7b24c3a9c2bf}</UniqueIdentifier>
    </Filter>
    <Filter Include="소스 파일\01.Obj\01.Bullet\00. Normal_Bullet">
      <UniqueIdentifier>{ccdb539f-eacf-4273-b0b1-d43cdc899c2e}</UniqueIdentifier>
    </Filter>
    <Filter Include="소스 파일\01.Obj\01.Bullet\02. Monster_Bullet">
      <UniqueIdentifier>{4d5f1b4a-3ff4-4e48-ab8d-80bc03c79bdf}</UniqueIdentifier>
    </Filter>
    <Filter Include="소스 파일\01.Obj\01.Bullet\01. Player_Bullet">
      <UniqueIdentifier>{06452fa8-6d15-4977-8755-26125de59e4a}</UniqueIdentifier>
    </Filter>
    <Filter Include="소스 파일\01.Obj\01.Bullet\02. Monster_Bullet\00. Rect">
      <UniqueIdentifier>{16bc99b2-1161-4718-9aa8-7a34fa02ff28}</UniqueIdentifier>
    </Filter>
    <Filter Include="소스 파일\01.Obj\01.Bullet\02. Monster_Bullet\02. MinAoe">
      <UniqueIdentifier>{d2072e7d-d8c4-4d41-94c1-48c5051c76c1}</UniqueIdentifier>
    </Filter>
    <Filter Include="소스 파일\01.Obj\02.Monster\02. Foucus_Monster">
      <UniqueIdentifier>{1d87c19e-dff6-4cd0-9e46-72416444ef69}</UniqueIdentifier>
    </Filter>
  </ItemGroup>
  <ItemGroup>
    <ClInclude Include="stdafx.h">
      <Filter>헤더 파일</Filter>
    </ClInclude>
    <ClInclude Include="API_FrameWork.h">
      <Filter>소스 파일\99.Default</Filter>
    </ClInclude>
    <ClInclude Include="Resource.h">
      <Filter>소스 파일\99.Default</Filter>
    </ClInclude>
    <ClInclude Include="targetver.h">
      <Filter>소스 파일\99.Default</Filter>
    </ClInclude>
    <ClInclude Include="Define.h">
      <Filter>헤더 파일\Include</Filter>
    </ClInclude>
    <ClInclude Include="Extern.h">
      <Filter>헤더 파일\Include</Filter>
    </ClInclude>
    <ClInclude Include="Function.h">
      <Filter>헤더 파일\Include</Filter>
    </ClInclude>
    <ClInclude Include="Struct.h">
      <Filter>헤더 파일\Include</Filter>
    </ClInclude>
    <ClInclude Include="Include.h">
      <Filter>헤더 파일</Filter>
    </ClInclude>
    <ClInclude Include="Obj.h">
      <Filter>소스 파일\01.Obj</Filter>
    </ClInclude>
    <ClInclude Include="Player.h">
      <Filter>소스 파일\01.Obj\00.Player</Filter>
    </ClInclude>
    <ClInclude Include="MainGame.h">
      <Filter>소스 파일\00.MainGame</Filter>
    </ClInclude>
    <ClInclude Include="Enum.h">
      <Filter>헤더 파일\Include</Filter>
    </ClInclude>
    <ClInclude Include="AbstractFactory.h">
      <Filter>헤더 파일\Include</Filter>
    </ClInclude>
    <ClInclude Include="Mouse.h">
      <Filter>소스 파일\01.Obj\03.Mouse</Filter>
    </ClInclude>
    <ClInclude Include="CollisionMgr.h">
      <Filter>소스 파일\02.Manager\00.CollisionMgr</Filter>
    </ClInclude>
    <ClInclude Include="Boss.h">
      <Filter>소스 파일\01.Obj\30.Boss</Filter>
    </ClInclude>
    <ClInclude Include="MiniGun.h">
      <Filter>소스 파일\01.Obj\31.MiniGun</Filter>
    </ClInclude>
    <ClInclude Include="Monster.h">
      <Filter>소스 파일\01.Obj\02.Monster\00. Normal_Monster</Filter>
    </ClInclude>
    <ClInclude Include="Kamikaze.h">
      <Filter>소스 파일\01.Obj\02.Monster\01. Kamikaze_Monster</Filter>
    </ClInclude>
    <ClInclude Include="Bullet.h">
      <Filter>소스 파일\01.Obj\01.Bullet\00. Normal_Bullet</Filter>
    </ClInclude>
    <ClInclude Include="Rect.h">
      <Filter>소스 파일\01.Obj\01.Bullet\02. Monster_Bullet\00. Rect</Filter>
    </ClInclude>
    <ClInclude Include="MinAoe.h">
      <Filter>소스 파일\01.Obj\01.Bullet\02. Monster_Bullet\02. MinAoe</Filter>
    </ClInclude>
    <ClInclude Include="Focus_Monster.h">
      <Filter>소스 파일\01.Obj\02.Monster\02. Foucus_Monster</Filter>
    </ClInclude>
  </ItemGroup>
  <ItemGroup>
    <ClCompile Include="API_FrameWork.cpp">
      <Filter>소스 파일</Filter>
    </ClCompile>
    <ClCompile Include="stdafx.cpp">
      <Filter>소스 파일\99.Default</Filter>
    </ClCompile>
    <ClCompile Include="Obj.cpp">
      <Filter>소스 파일\01.Obj</Filter>
    </ClCompile>
    <ClCompile Include="Player.cpp">
      <Filter>소스 파일\01.Obj\00.Player</Filter>
    </ClCompile>
    <ClCompile Include="MainGame.cpp">
      <Filter>소스 파일\00.MainGame</Filter>
    </ClCompile>
    <ClCompile Include="Mouse.cpp">
      <Filter>소스 파일\01.Obj\03.Mouse</Filter>
    </ClCompile>
    <ClCompile Include="CollisionMgr.cpp">
      <Filter>소스 파일\02.Manager\00.CollisionMgr</Filter>
    </ClCompile>
    <ClCompile Include="Boss.cpp">
      <Filter>소스 파일\01.Obj\30.Boss</Filter>
    </ClCompile>
    <ClCompile Include="MiniGun.cpp">
      <Filter>소스 파일\01.Obj\31.MiniGun</Filter>
    </ClCompile>
    <ClCompile Include="Monster.cpp">
      <Filter>소스 파일\01.Obj\02.Monster\00. Normal_Monster</Filter>
    </ClCompile>
    <ClCompile Include="Kamikaze.cpp">
      <Filter>소스 파일\01.Obj\02.Monster\01. Kamikaze_Monster</Filter>
    </ClCompile>
    <ClCompile Include="Bullet.cpp">
      <Filter>소스 파일\01.Obj\01.Bullet\00. Normal_Bullet</Filter>
    </ClCompile>
    <ClCompile Include="Rect.cpp">
      <Filter>소스 파일\01.Obj\01.Bullet\02. Monster_Bullet\00. Rect</Filter>
    </ClCompile>
    <ClCompile Include="MinAoe.cpp">
      <Filter>소스 파일\01.Obj\01.Bullet\02. Monster_Bullet\02. MinAoe</Filter>
    </ClCompile>
    <ClCompile Include="Focus_Monster.cpp">
      <Filter>소스 파일\01.Obj\02.Monster\02. Foucus_Monster</Filter>
    </ClCompile>
  </ItemGroup>
  <ItemGroup>
    <ResourceCompile Include="API_FrameWork.rc">
      <Filter>리소스 파일</Filter>
    </ResourceCompile>
  </ItemGroup>
  <ItemGroup>
    <Image Include="small.ico">
      <Filter>리소스 파일</Filter>
    </Image>
    <Image Include="API_FrameWork.ico">
      <Filter>리소스 파일</Filter>
    </Image>
  </ItemGroup>
  <ItemGroup>
    <Text Include="ReadMe.txt">
      <Filter>소스 파일\99.Default</Filter>
    </Text>
  </ItemGroup>
</Project>